<?xml version="1.0" encoding="utf-8"?>
<Project ToolsVersion="4.0" xmlns="http://schemas.microsoft.com/developer/msbuild/2003">
  <ItemGroup>
    <Filter Include="Source Files">
      <UniqueIdentifier>{4FC737F1-C7A5-4376-A066-2A32D752A2FF}</UniqueIdentifier>
      <Extensions>cpp;c;cc;cxx;def;odl;idl;hpj;bat;asm;asmx</Extensions>
    </Filter>
    <Filter Include="Header Files">
      <UniqueIdentifier>{93995380-89BD-4b04-88EB-625FBE52EBFB}</UniqueIdentifier>
      <Extensions>h;hh;hpp;hxx;hm;inl;inc;ipp;xsd</Extensions>
    </Filter>
    <Filter Include="Resource Files">
      <UniqueIdentifier>{67DA6AB6-F800-4c08-8B7A-83BB121AAD01}</UniqueIdentifier>
      <Extensions>rc;ico;cur;bmp;dlg;rc2;rct;bin;rgs;gif;jpg;jpeg;jpe;resx;tiff;tif;png;wav;mfcribbon-ms</Extensions>
    </Filter>
  </ItemGroup>
  <ItemGroup>
    <ClCompile Include="main.cpp">
      <Filter>Source Files</Filter>
    </ClCompile>
    <ClCompile Include="Vector3f.cpp">
      <Filter>Source Files</Filter>
    </ClCompile>
    <ClCompile Include="Log.cpp">
      <Filter>Source Files</Filter>
    </ClCompile>
    <ClCompile Include="glApplication.cpp">
      <Filter>Source Files</Filter>
    </ClCompile>
    <ClCompile Include="glApplicationState.cpp">
      <Filter>Source Files</Filter>
    </ClCompile>
    <ClCompile Include="Quaternion.cpp">
      <Filter>Source Files</Filter>
    </ClCompile>
    <ClCompile Include="Vector4f.cpp">
      <Filter>Source Files</Filter>
    </ClCompile>
    <ClCompile Include="Camera.cpp">
      <Filter>Source Files</Filter>
    </ClCompile>
    <ClCompile Include="pipeline.cpp">
      <Filter>Source Files</Filter>
    </ClCompile>
    <ClCompile Include="PersProjInfo.cpp">
      <Filter>Source Files</Filter>
    </ClCompile>
    <ClCompile Include="Transform.cpp">
      <Filter>Source Files</Filter>
    </ClCompile>
  </ItemGroup>
  <ItemGroup>
    <ClInclude Include="Vector3f.h">
      <Filter>Header Files</Filter>
    </ClInclude>
    <ClInclude Include="cyAlphaDistribution.h">
      <Filter>Header Files</Filter>
    </ClInclude>
    <ClInclude Include="cyBVH.h">
      <Filter>Header Files</Filter>
    </ClInclude>
    <ClInclude Include="cyColor.h">
      <Filter>Header Files</Filter>
    </ClInclude>
    <ClInclude Include="cyCore.h">
      <Filter>Header Files</Filter>
    </ClInclude>
    <ClInclude Include="cyGL.h">
      <Filter>Header Files</Filter>
    </ClInclude>
    <ClInclude Include="cyHairFile.h">
      <Filter>Header Files</Filter>
    </ClInclude>
    <ClInclude Include="cyHeap.h">
      <Filter>Header Files</Filter>
    </ClInclude>
    <ClInclude Include="cyIPoint.h">
      <Filter>Header Files</Filter>
    </ClInclude>
    <ClInclude Include="cyLightingGrid.h">
      <Filter>Header Files</Filter>
    </ClInclude>
    <ClInclude Include="cyMatrix.h">
      <Filter>Header Files</Filter>
    </ClInclude>
    <ClInclude Include="cyPoint.h">
      <Filter>Header Files</Filter>
    </ClInclude>
    <ClInclude Include="cyPointCloud.h">
      <Filter>Header Files</Filter>
    </ClInclude>
    <ClInclude Include="cyQuat.h">
      <Filter>Header Files</Filter>
    </ClInclude>
    <ClInclude Include="cySampleElim.h">
      <Filter>Header Files</Filter>
    </ClInclude>
    <ClInclude Include="cySpatial.h">
      <Filter>Header Files</Filter>
    </ClInclude>
    <ClInclude Include="cyString.h">
      <Filter>Header Files</Filter>
    </ClInclude>
    <ClInclude Include="cyTimer.h">
      <Filter>Header Files</Filter>
    </ClInclude>
    <ClInclude Include="cyTriMesh.h">
      <Filter>Header Files</Filter>
    </ClInclude>
    <ClInclude Include="Log.h">
      <Filter>Header Files</Filter>
    </ClInclude>
    <ClInclude Include="glApplication.h">
      <Filter>Header Files</Filter>
    </ClInclude>
    <ClInclude Include="glApplicationState.h">
      <Filter>Header Files</Filter>
    </ClInclude>
    <ClInclude Include="Quaternion.h">
      <Filter>Header Files</Filter>
    </ClInclude>
    <ClInclude Include="Vector4f.h">
      <Filter>Header Files</Filter>
    </ClInclude>
    <ClInclude Include="Camera.h">
      <Filter>Header Files</Filter>
    </ClInclude>
    <ClInclude Include="pipeline.h">
      <Filter>Header Files</Filter>
    </ClInclude>
    <ClInclude Include="PersProjInfo.h">
      <Filter>Header Files</Filter>
    </ClInclude>
    <ClInclude Include="Transform.h">
      <Filter>Header Files</Filter>
    </ClInclude>
  </ItemGroup>
  <ItemGroup>
    <None Include="shader.fs">
      <Filter>Source Files</Filter>
    </None>
    <None Include="shader.vs">
      <Filter>Source Files</Filter>
    </None>
  </ItemGroup>
</Project>